
Microsoft Visual Studio Solution File, Format Version 12.00
# Visual Studio Version 16
VisualStudioVersion = 16.0.29721.120
MinimumVisualStudioVersion = 10.0.40219.1
Project("{9A19103F-16F7-4668-BE54-9A1E7A4F7556}") = "CashRegister.WebApi", "CashRegister.WebApi\CashRegister.WebApi.csproj", "{7F228703-1A9D-47E0-B04B-68BA52CAE63B}"
EndProject
Project("{9A19103F-16F7-4668-BE54-9A1E7A4F7556}") = "CashRegister.Shared", "CashRegister.Shared\CashRegister.Shared.csproj", "{EC02B6F8-08E9-4802-B570-FDB01782CEFF}"
EndProject
Project("{FAE04EC0-301F-11D3-BF4B-00C04F79EFBC}") = "CashRegister.Wpf", "CashRegister.Wpf\CashRegister.Wpf.csproj", "{E3132183-EC69-4315-8074-25E19D210966}"
EndProject
Project("{FAE04EC0-301F-11D3-BF4B-00C04F79EFBC}") = "CashRegister.Test", "CashRegister.Test\CashRegister.Test.csproj", "{BD5FC71F-6E52-42A2-9153-491653B00354}"
EndProject
Global
	GlobalSection(SolutionConfigurationPlatforms) = preSolution
		Debug|Any CPU = Debug|Any CPU
		Release|Any CPU = Release|Any CPU
	EndGlobalSection
	GlobalSection(ProjectConfigurationPlatforms) = postSolution
		{7F228703-1A9D-47E0-B04B-68BA52CAE63B}.Debug|Any CPU.ActiveCfg = Debug|Any CPU
		{7F228703-1A9D-47E0-B04B-68BA52CAE63B}.Debug|Any CPU.Build.0 = Debug|Any CPU
		{7F228703-1A9D-47E0-B04B-68BA52CAE63B}.Release|Any CPU.ActiveCfg = Release|Any CPU
		{7F228703-1A9D-47E0-B04B-68BA52CAE63B}.Release|Any CPU.Build.0 = Release|Any CPU
		{EC02B6F8-08E9-4802-B570-FDB01782CEFF}.Debug|Any CPU.ActiveCfg = Debug|Any CPU
		{EC02B6F8-08E9-4802-B570-FDB01782CEFF}.Debug|Any CPU.Build.0 = Debug|Any CPU
		{EC02B6F8-08E9-4802-B570-FDB01782CEFF}.Release|Any CPU.ActiveCfg = Release|Any CPU
		{EC02B6F8-08E9-4802-B570-FDB01782CEFF}.Release|Any CPU.Build.0 = Release|Any CPU
		{E3132183-EC69-4315-8074-25E19D210966}.Debug|Any CPU.ActiveCfg = Debug|Any CPU
		{E3132183-EC69-4315-8074-25E19D210966}.Debug|Any CPU.Build.0 = Debug|Any CPU
		{E3132183-EC69-4315-8074-25E19D210966}.Release|Any CPU.ActiveCfg = Release|Any CPU
		{E3132183-EC69-4315-8074-25E19D210966}.Release|Any CPU.Build.0 = Release|Any CPU
		{BD5FC71F-6E52-42A2-9153-491653B00354}.Debug|Any CPU.ActiveCfg = Debug|Any CPU
		{BD5FC71F-6E52-42A2-9153-491653B00354}.Debug|Any CPU.Build.0 = Debug|Any CPU
		{BD5FC71F-6E52-42A2-9153-491653B00354}.Release|Any CPU.ActiveCfg = Release|Any CPU
		{BD5FC71F-6E52-42A2-9153-491653B00354}.Release|Any CPU.Build.0 = Release|Any CPU
	EndGlobalSection
	GlobalSection(SolutionProperties) = preSolution
		HideSolutionNode = FALSE
	EndGlobalSection
	GlobalSection(ExtensibilityGlobals) = postSolution
		SolutionGuid = {EF8E4715-8B15-4DA2-9892-581AAD39EF45}
	EndGlobalSection
EndGlobal
